
Microsoft Visual Studio Solution File, Format Version 12.00
# Visual Studio 2012
Project("{F184B08F-C81C-45F6-A57F-5ABD9991F28F}") = "GroupProject1", "GroupProject1\GroupProject1.vbproj", "{8111A100-E2C2-40AD-A8ED-84EB731A1675}"
EndProject
Global
	GlobalSection(SolutionConfigurationPlatforms) = preSolution
		Debug|Any CPU = Debug|Any CPU
		Release|Any CPU = Release|Any CPU
	EndGlobalSection
	GlobalSection(ProjectConfigurationPlatforms) = postSolution
		{8111A100-E2C2-40AD-A8ED-84EB731A1675}.Debug|Any CPU.ActiveCfg = Debug|Any CPU
		{8111A100-E2C2-40AD-A8ED-84EB731A1675}.Debug|Any CPU.Build.0 = Debug|Any CPU
		{8111A100-E2C2-40AD-A8ED-84EB731A1675}.Release|Any CPU.ActiveCfg = Release|Any CPU
		{8111A100-E2C2-40AD-A8ED-84EB731A1675}.Release|Any CPU.Build.0 = Release|Any CPU
	EndGlobalSection
	GlobalSection(SolutionProperties) = preSolution
		HideSolutionNode = FALSE
	EndGlobalSection
EndGlobal
